// !$*UTF8*$!
{
	archiveVersion = 1;
	classes = {
	};
	objectVersion = 46;
	objects = {

/* Begin PBXBuildFile section */
		04C71D8C1ED31BB900E04BE8 /* main.m in Sources */ = {isa = PBXBuildFile; fileRef = 04C71D8B1ED31BB900E04BE8 /* main.m */; };
		04C71D8F1ED31BB900E04BE8 /* AppDelegate.m in Sources */ = {isa = PBXBuildFile; fileRef = 04C71D8E1ED31BB900E04BE8 /* AppDelegate.m */; };
		04C71D951ED31BB900E04BE8 /* Main.storyboard in Resources */ = {isa = PBXBuildFile; fileRef = 04C71D931ED31BB900E04BE8 /* Main.storyboard */; };
		04C71D971ED31BB900E04BE8 /* Assets.xcassets in Resources */ = {isa = PBXBuildFile; fileRef = 04C71D961ED31BB900E04BE8 /* Assets.xcassets */; };
		04C71D9A1ED31BB900E04BE8 /* LaunchScreen.storyboard in Resources */ = {isa = PBXBuildFile; fileRef = 04C71D981ED31BB900E04BE8 /* LaunchScreen.storyboard */; };
		04C71DA51ED31BB900E04BE8 /* ZBDBManagerDemoTests.m in Sources */ = {isa = PBXBuildFile; fileRef = 04C71DA41ED31BB900E04BE8 /* ZBDBManagerDemoTests.m */; };
		04C71DB01ED31BB900E04BE8 /* ZBDBManagerDemoUITests.m in Sources */ = {isa = PBXBuildFile; fileRef = 04C71DAF1ED31BB900E04BE8 /* ZBDBManagerDemoUITests.m */; };
		04C71DBF1ED31BD200E04BE8 /* CeShi.m in Sources */ = {isa = PBXBuildFile; fileRef = 04C71DBE1ED31BD200E04BE8 /* CeShi.m */; };
		04C71DC21ED31BEA00E04BE8 /* ViewController.m in Sources */ = {isa = PBXBuildFile; fileRef = 04C71DC11ED31BEA00E04BE8 /* ViewController.m */; };
		04C71DD11ED31BFA00E04BE8 /* NSObject+ZB_DBManager.m in Sources */ = {isa = PBXBuildFile; fileRef = 04C71DC51ED31BFA00E04BE8 /* NSObject+ZB_DBManager.m */; };
		04C71DD21ED31BFA00E04BE8 /* NSObject+ZB_Properties.m in Sources */ = {isa = PBXBuildFile; fileRef = 04C71DC71ED31BFA00E04BE8 /* NSObject+ZB_Properties.m */; };
		04C71DD31ED31BFA00E04BE8 /* Version.m in Sources */ = {isa = PBXBuildFile; fileRef = 04C71DC91ED31BFA00E04BE8 /* Version.m */; };
		04C71DD41ED31BFA00E04BE8 /* VersionDBManager.m in Sources */ = {isa = PBXBuildFile; fileRef = 04C71DCB1ED31BFA00E04BE8 /* VersionDBManager.m */; };
		04C71DD51ED31BFA00E04BE8 /* ZBCommonDataBaseQueue.m in Sources */ = {isa = PBXBuildFile; fileRef = 04C71DCD1ED31BFA00E04BE8 /* ZBCommonDataBaseQueue.m */; };
		04C71DD61ED31BFA00E04BE8 /* ZBDBbindingClass.m in Sources */ = {isa = PBXBuildFile; fileRef = 04C71DCF1ED31BFA00E04BE8 /* ZBDBbindingClass.m */; };
		0EA94CF5530F682864694F2F /* libPods-ZBDBManagerDemo.a in Frameworks */ = {isa = PBXBuildFile; fileRef = F943CA3037D2F02D8A7880E8 /* libPods-ZBDBManagerDemo.a */; };
		CDE767705D506C260D80FCB4 /* libPods-ZBDBManagerDemoTests.a in Frameworks */ = {isa = PBXBuildFile; fileRef = 1B0A1382266EB21648FFA9F0 /* libPods-ZBDBManagerDemoTests.a */; };
/* End PBXBuildFile section */

/* Begin PBXContainerItemProxy section */
		04C71DA11ED31BB900E04BE8 /* PBXContainerItemProxy */ = {
			isa = PBXContainerItemProxy;
			containerPortal = 04C71D7F1ED31BB900E04BE8 /* Project object */;
			proxyType = 1;
			remoteGlobalIDString = 04C71D861ED31BB900E04BE8;
			remoteInfo = ZBDBManagerDemo;
		};
		04C71DAC1ED31BB900E04BE8 /* PBXContainerItemProxy */ = {
			isa = PBXContainerItemProxy;
			containerPortal = 04C71D7F1ED31BB900E04BE8 /* Project object */;
			proxyType = 1;
			remoteGlobalIDString = 04C71D861ED31BB900E04BE8;
			remoteInfo = ZBDBManagerDemo;
		};
/* End PBXContainerItemProxy section */

/* Begin PBXFileReference section */
		02EE5521B09FED33C672E249 /* Pods-ZBDBManagerDemoTests.release.xcconfig */ = {isa = PBXFileReference; includeInIndex = 1; lastKnownFileType = text.xcconfig; name = "Pods-ZBDBManagerDemoTests.release.xcconfig"; path = "Pods/Target Support Files/Pods-ZBDBManagerDemoTests/Pods-ZBDBManagerDemoTests.release.xcconfig"; sourceTree = "<group>"; };
		04C71D871ED31BB900E04BE8 /* ZBDBManagerDemo.app */ = {isa = PBXFileReference; explicitFileType = wrapper.application; includeInIndex = 0; path = ZBDBManagerDemo.app; sourceTree = BUILT_PRODUCTS_DIR; };
		04C71D8B1ED31BB900E04BE8 /* main.m */ = {isa = PBXFileReference; lastKnownFileType = sourcecode.c.objc; path = main.m; sourceTree = "<group>"; };
		04C71D8D1ED31BB900E04BE8 /* AppDelegate.h */ = {isa = PBXFileReference; lastKnownFileType = sourcecode.c.h; path = AppDelegate.h; sourceTree = "<group>"; };
		04C71D8E1ED31BB900E04BE8 /* AppDelegate.m */ = {isa = PBXFileReference; lastKnownFileType = sourcecode.c.objc; path = AppDelegate.m; sourceTree = "<group>"; };
		04C71D941ED31BB900E04BE8 /* Base */ = {isa = PBXFileReference; lastKnownFileType = file.storyboard; name = Base; path = Base.lproj/Main.storyboard; sourceTree = "<group>"; };
		04C71D961ED31BB900E04BE8 /* Assets.xcassets */ = {isa = PBXFileReference; lastKnownFileType = folder.assetcatalog; path = Assets.xcassets; sourceTree = "<group>"; };
		04C71D991ED31BB900E04BE8 /* Base */ = {isa = PBXFileReference; lastKnownFileType = file.storyboard; name = Base; path = Base.lproj/LaunchScreen.storyboard; sourceTree = "<group>"; };
		04C71D9B1ED31BB900E04BE8 /* Info.plist */ = {isa = PBXFileReference; lastKnownFileType = text.plist.xml; path = Info.plist; sourceTree = "<group>"; };
		04C71DA01ED31BB900E04BE8 /* ZBDBManagerDemoTests.xctest */ = {isa = PBXFileReference; explicitFileType = wrapper.cfbundle; includeInIndex = 0; path = ZBDBManagerDemoTests.xctest; sourceTree = BUILT_PRODUCTS_DIR; };
		04C71DA41ED31BB900E04BE8 /* ZBDBManagerDemoTests.m */ = {isa = PBXFileReference; lastKnownFileType = sourcecode.c.objc; path = ZBDBManagerDemoTests.m; sourceTree = "<group>"; };
		04C71DA61ED31BB900E04BE8 /* Info.plist */ = {isa = PBXFileReference; lastKnownFileType = text.plist.xml; path = Info.plist; sourceTree = "<group>"; };
		04C71DAB1ED31BB900E04BE8 /* ZBDBManagerDemoUITests.xctest */ = {isa = PBXFileReference; explicitFileType = wrapper.cfbundle; includeInIndex = 0; path = ZBDBManagerDemoUITests.xctest; sourceTree = BUILT_PRODUCTS_DIR; };
		04C71DAF1ED31BB900E04BE8 /* ZBDBManagerDemoUITests.m */ = {isa = PBXFileReference; lastKnownFileType = sourcecode.c.objc; path = ZBDBManagerDemoUITests.m; sourceTree = "<group>"; };
		04C71DB11ED31BB900E04BE8 /* Info.plist */ = {isa = PBXFileReference; lastKnownFileType = text.plist.xml; path = Info.plist; sourceTree = "<group>"; };
		04C71DBD1ED31BD200E04BE8 /* CeShi.h */ = {isa = PBXFileReference; fileEncoding = 4; lastKnownFileType = sourcecode.c.h; path = CeShi.h; sourceTree = "<group>"; };
		04C71DBE1ED31BD200E04BE8 /* CeShi.m */ = {isa = PBXFileReference; fileEncoding = 4; lastKnownFileType = sourcecode.c.objc; path = CeShi.m; sourceTree = "<group>"; };
		04C71DC01ED31BEA00E04BE8 /* ViewController.h */ = {isa = PBXFileReference; fileEncoding = 4; lastKnownFileType = sourcecode.c.h; path = ViewController.h; sourceTree = "<group>"; };
		04C71DC11ED31BEA00E04BE8 /* ViewController.m */ = {isa = PBXFileReference; fileEncoding = 4; lastKnownFileType = sourcecode.c.objc; path = ViewController.m; sourceTree = "<group>"; };
		04C71DC41ED31BFA00E04BE8 /* NSObject+ZB_DBManager.h */ = {isa = PBXFileReference; fileEncoding = 4; lastKnownFileType = sourcecode.c.h; path = "NSObject+ZB_DBManager.h"; sourceTree = "<group>"; };
		04C71DC51ED31BFA00E04BE8 /* NSObject+ZB_DBManager.m */ = {isa = PBXFileReference; fileEncoding = 4; lastKnownFileType = sourcecode.c.objc; path = "NSObject+ZB_DBManager.m"; sourceTree = "<group>"; };
		04C71DC61ED31BFA00E04BE8 /* NSObject+ZB_Properties.h */ = {isa = PBXFileReference; fileEncoding = 4; lastKnownFileType = sourcecode.c.h; path = "NSObject+ZB_Properties.h"; sourceTree = "<group>"; };
		04C71DC71ED31BFA00E04BE8 /* NSObject+ZB_Properties.m */ = {isa = PBXFileReference; fileEncoding = 4; lastKnownFileType = sourcecode.c.objc; path = "NSObject+ZB_Properties.m"; sourceTree = "<group>"; };
		04C71DC81ED31BFA00E04BE8 /* Version.h */ = {isa = PBXFileReference; fileEncoding = 4; lastKnownFileType = sourcecode.c.h; path = Version.h; sourceTree = "<group>"; };
		04C71DC91ED31BFA00E04BE8 /* Version.m */ = {isa = PBXFileReference; fileEncoding = 4; lastKnownFileType = sourcecode.c.objc; path = Version.m; sourceTree = "<group>"; };
		04C71DCA1ED31BFA00E04BE8 /* VersionDBManager.h */ = {isa = PBXFileReference; fileEncoding = 4; lastKnownFileType = sourcecode.c.h; path = VersionDBManager.h; sourceTree = "<group>"; };
		04C71DCB1ED31BFA00E04BE8 /* VersionDBManager.m */ = {isa = PBXFileReference; fileEncoding = 4; lastKnownFileType = sourcecode.c.objc; path = VersionDBManager.m; sourceTree = "<group>"; };
		04C71DCC1ED31BFA00E04BE8 /* ZBCommonDataBaseQueue.h */ = {isa = PBXFileReference; fileEncoding = 4; lastKnownFileType = sourcecode.c.h; path = ZBCommonDataBaseQueue.h; sourceTree = "<group>"; };
		04C71DCD1ED31BFA00E04BE8 /* ZBCommonDataBaseQueue.m */ = {isa = PBXFileReference; fileEncoding = 4; lastKnownFileType = sourcecode.c.objc; path = ZBCommonDataBaseQueue.m; sourceTree = "<group>"; };
		04C71DCE1ED31BFA00E04BE8 /* ZBDBbindingClass.h */ = {isa = PBXFileReference; fileEncoding = 4; lastKnownFileType = sourcecode.c.h; path = ZBDBbindingClass.h; sourceTree = "<group>"; };
		04C71DCF1ED31BFA00E04BE8 /* ZBDBbindingClass.m */ = {isa = PBXFileReference; fileEncoding = 4; lastKnownFileType = sourcecode.c.objc; path = ZBDBbindingClass.m; sourceTree = "<group>"; };
		04C71DD01ED31BFA00E04BE8 /* ZBDBProtocol.h */ = {isa = PBXFileReference; fileEncoding = 4; lastKnownFileType = sourcecode.c.h; path = ZBDBProtocol.h; sourceTree = "<group>"; };
		1B0A1382266EB21648FFA9F0 /* libPods-ZBDBManagerDemoTests.a */ = {isa = PBXFileReference; explicitFileType = archive.ar; includeInIndex = 0; path = "libPods-ZBDBManagerDemoTests.a"; sourceTree = BUILT_PRODUCTS_DIR; };
		87340446E83C461C5CE2043F /* Pods-ZBDBManagerDemo.release.xcconfig */ = {isa = PBXFileReference; includeInIndex = 1; lastKnownFileType = text.xcconfig; name = "Pods-ZBDBManagerDemo.release.xcconfig"; path = "Pods/Target Support Files/Pods-ZBDBManagerDemo/Pods-ZBDBManagerDemo.release.xcconfig"; sourceTree = "<group>"; };
		95D93379A63D36A1A7E6855E /* Pods-ZBDBManagerDemo.debug.xcconfig */ = {isa = PBXFileReference; includeInIndex = 1; lastKnownFileType = text.xcconfig; name = "Pods-ZBDBManagerDemo.debug.xcconfig"; path = "Pods/Target Support Files/Pods-ZBDBManagerDemo/Pods-ZBDBManagerDemo.debug.xcconfig"; sourceTree = "<group>"; };
		F51392951CB3C1325683E8C9 /* Pods-ZBDBManagerDemoTests.debug.xcconfig */ = {isa = PBXFileReference; includeInIndex = 1; lastKnownFileType = text.xcconfig; name = "Pods-ZBDBManagerDemoTests.debug.xcconfig"; path = "Pods/Target Support Files/Pods-ZBDBManagerDemoTests/Pods-ZBDBManagerDemoTests.debug.xcconfig"; sourceTree = "<group>"; };
		F943CA3037D2F02D8A7880E8 /* libPods-ZBDBManagerDemo.a */ = {isa = PBXFileReference; explicitFileType = archive.ar; includeInIndex = 0; path = "libPods-ZBDBManagerDemo.a"; sourceTree = BUILT_PRODUCTS_DIR; };
/* End PBXFileReference section */

/* Begin PBXFrameworksBuildPhase section */
		04C71D841ED31BB900E04BE8 /* Frameworks */ = {
			isa = PBXFrameworksBuildPhase;
			buildActionMask = 2147483647;
			files = (
				0EA94CF5530F682864694F2F /* libPods-ZBDBManagerDemo.a in Frameworks */,
			);
			runOnlyForDeploymentPostprocessing = 0;
		};
		04C71D9D1ED31BB900E04BE8 /* Frameworks */ = {
			isa = PBXFrameworksBuildPhase;
			buildActionMask = 2147483647;
			files = (
				CDE767705D506C260D80FCB4 /* libPods-ZBDBManagerDemoTests.a in Frameworks */,
			);
			runOnlyForDeploymentPostprocessing = 0;
		};
		04C71DA81ED31BB900E04BE8 /* Frameworks */ = {
			isa = PBXFrameworksBuildPhase;
			buildActionMask = 2147483647;
			files = (
			);
			runOnlyForDeploymentPostprocessing = 0;
		};
/* End PBXFrameworksBuildPhase section */

/* Begin PBXGroup section */
		04C71D7E1ED31BB900E04BE8 = {
			isa = PBXGroup;
			children = (
				04C71D891ED31BB900E04BE8 /* ZBDBManagerDemo */,
				04C71DA31ED31BB900E04BE8 /* ZBDBManagerDemoTests */,
				04C71DAE1ED31BB900E04BE8 /* ZBDBManagerDemoUITests */,
				04C71D881ED31BB900E04BE8 /* Products */,
				9D367A8916862CA5B7C9473D /* Pods */,
				3463E8743EFB0F2D3591D360 /* Frameworks */,
			);
			sourceTree = "<group>";
		};
		04C71D881ED31BB900E04BE8 /* Products */ = {
			isa = PBXGroup;
			children = (
				04C71D871ED31BB900E04BE8 /* ZBDBManagerDemo.app */,
				04C71DA01ED31BB900E04BE8 /* ZBDBManagerDemoTests.xctest */,
				04C71DAB1ED31BB900E04BE8 /* ZBDBManagerDemoUITests.xctest */,
			);
			name = Products;
			sourceTree = "<group>";
		};
		04C71D891ED31BB900E04BE8 /* ZBDBManagerDemo */ = {
			isa = PBXGroup;
			children = (
				04C71DC31ED31BFA00E04BE8 /* ZBDBManager */,
				04C71DC01ED31BEA00E04BE8 /* ViewController.h */,
				04C71DC11ED31BEA00E04BE8 /* ViewController.m */,
				04C71DBD1ED31BD200E04BE8 /* CeShi.h */,
				04C71DBE1ED31BD200E04BE8 /* CeShi.m */,
				04C71D8D1ED31BB900E04BE8 /* AppDelegate.h */,
				04C71D8E1ED31BB900E04BE8 /* AppDelegate.m */,
				04C71D931ED31BB900E04BE8 /* Main.storyboard */,
				04C71D961ED31BB900E04BE8 /* Assets.xcassets */,
				04C71D981ED31BB900E04BE8 /* LaunchScreen.storyboard */,
				04C71D9B1ED31BB900E04BE8 /* Info.plist */,
				04C71D8A1ED31BB900E04BE8 /* Supporting Files */,
			);
			path = ZBDBManagerDemo;
			sourceTree = "<group>";
		};
		04C71D8A1ED31BB900E04BE8 /* Supporting Files */ = {
			isa = PBXGroup;
			children = (
				04C71D8B1ED31BB900E04BE8 /* main.m */,
			);
			name = "Supporting Files";
			sourceTree = "<group>";
		};
		04C71DA31ED31BB900E04BE8 /* ZBDBManagerDemoTests */ = {
			isa = PBXGroup;
			children = (
				04C71DA41ED31BB900E04BE8 /* ZBDBManagerDemoTests.m */,
				04C71DA61ED31BB900E04BE8 /* Info.plist */,
			);
			path = ZBDBManagerDemoTests;
			sourceTree = "<group>";
		};
		04C71DAE1ED31BB900E04BE8 /* ZBDBManagerDemoUITests */ = {
			isa = PBXGroup;
			children = (
				04C71DAF1ED31BB900E04BE8 /* ZBDBManagerDemoUITests.m */,
				04C71DB11ED31BB900E04BE8 /* Info.plist */,
			);
			path = ZBDBManagerDemoUITests;
			sourceTree = "<group>";
		};
		04C71DC31ED31BFA00E04BE8 /* ZBDBManager */ = {
			isa = PBXGroup;
			children = (
				04C71DC41ED31BFA00E04BE8 /* NSObject+ZB_DBManager.h */,
				04C71DC51ED31BFA00E04BE8 /* NSObject+ZB_DBManager.m */,
				04C71DC61ED31BFA00E04BE8 /* NSObject+ZB_Properties.h */,
				04C71DC71ED31BFA00E04BE8 /* NSObject+ZB_Properties.m */,
				04C71DC81ED31BFA00E04BE8 /* Version.h */,
				04C71DC91ED31BFA00E04BE8 /* Version.m */,
				04C71DCA1ED31BFA00E04BE8 /* VersionDBManager.h */,
				04C71DCB1ED31BFA00E04BE8 /* VersionDBManager.m */,
				04C71DCC1ED31BFA00E04BE8 /* ZBCommonDataBaseQueue.h */,
				04C71DCD1ED31BFA00E04BE8 /* ZBCommonDataBaseQueue.m */,
				04C71DCE1ED31BFA00E04BE8 /* ZBDBbindingClass.h */,
				04C71DCF1ED31BFA00E04BE8 /* ZBDBbindingClass.m */,
				04C71DD01ED31BFA00E04BE8 /* ZBDBProtocol.h */,
			);
			path = ZBDBManager;
			sourceTree = "<group>";
		};
		3463E8743EFB0F2D3591D360 /* Frameworks */ = {
			isa = PBXGroup;
			children = (
				F943CA3037D2F02D8A7880E8 /* libPods-ZBDBManagerDemo.a */,
				1B0A1382266EB21648FFA9F0 /* libPods-ZBDBManagerDemoTests.a */,
			);
			name = Frameworks;
			sourceTree = "<group>";
		};
		9D367A8916862CA5B7C9473D /* Pods */ = {
			isa = PBXGroup;
			children = (
				95D93379A63D36A1A7E6855E /* Pods-ZBDBManagerDemo.debug.xcconfig */,
				87340446E83C461C5CE2043F /* Pods-ZBDBManagerDemo.release.xcconfig */,
				F51392951CB3C1325683E8C9 /* Pods-ZBDBManagerDemoTests.debug.xcconfig */,
				02EE5521B09FED33C672E249 /* Pods-ZBDBManagerDemoTests.release.xcconfig */,
			);
			name = Pods;
			sourceTree = "<group>";
		};
/* End PBXGroup section */

/* Begin PBXNativeTarget section */
		04C71D861ED31BB900E04BE8 /* ZBDBManagerDemo */ = {
			isa = PBXNativeTarget;
			buildConfigurationList = 04C71DB41ED31BB900E04BE8 /* Build configuration list for PBXNativeTarget "ZBDBManagerDemo" */;
			buildPhases = (
				0C92312F712E08F004FC10D9 /* [CP] Check Pods Manifest.lock */,
				04C71D831ED31BB900E04BE8 /* Sources */,
				04C71D841ED31BB900E04BE8 /* Frameworks */,
				04C71D851ED31BB900E04BE8 /* Resources */,
				EFE72CE13C966F8FAF6C23A0 /* [CP] Embed Pods Frameworks */,
				C67CB1E2262944560AE41C65 /* [CP] Copy Pods Resources */,
			);
			buildRules = (
			);
			dependencies = (
			);
			name = ZBDBManagerDemo;
			productName = ZBDBManagerDemo;
			productReference = 04C71D871ED31BB900E04BE8 /* ZBDBManagerDemo.app */;
			productType = "com.apple.product-type.application";
		};
		04C71D9F1ED31BB900E04BE8 /* ZBDBManagerDemoTests */ = {
			isa = PBXNativeTarget;
			buildConfigurationList = 04C71DB71ED31BB900E04BE8 /* Build configuration list for PBXNativeTarget "ZBDBManagerDemoTests" */;
			buildPhases = (
				1F93A75663BF7BD4C6CFBA92 /* [CP] Check Pods Manifest.lock */,
				04C71D9C1ED31BB900E04BE8 /* Sources */,
				04C71D9D1ED31BB900E04BE8 /* Frameworks */,
				04C71D9E1ED31BB900E04BE8 /* Resources */,
				12EA9F3C17D6E22F2D94FF11 /* [CP] Embed Pods Frameworks */,
				81DAA4206074BB2C9B48DBC4 /* [CP] Copy Pods Resources */,
			);
			buildRules = (
			);
			dependencies = (
				04C71DA21ED31BB900E04BE8 /* PBXTargetDependency */,
			);
			name = ZBDBManagerDemoTests;
			productName = ZBDBManagerDemoTests;
			productReference = 04C71DA01ED31BB900E04BE8 /* ZBDBManagerDemoTests.xctest */;
			productType = "com.apple.product-type.bundle.unit-test";
		};
		04C71DAA1ED31BB900E04BE8 /* ZBDBManagerDemoUITests */ = {
			isa = PBXNativeTarget;
			buildConfigurationList = 04C71DBA1ED31BB900E04BE8 /* Build configuration list for PBXNativeTarget "ZBDBManagerDemoUITests" */;
			buildPhases = (
				04C71DA71ED31BB900E04BE8 /* Sources */,
				04C71DA81ED31BB900E04BE8 /* Frameworks */,
				04C71DA91ED31BB900E04BE8 /* Resources */,
			);
			buildRules = (
			);
			dependencies = (
				04C71DAD1ED31BB900E04BE8 /* PBXTargetDependency */,
			);
			name = ZBDBManagerDemoUITests;
			productName = ZBDBManagerDemoUITests;
			productReference = 04C71DAB1ED31BB900E04BE8 /* ZBDBManagerDemoUITests.xctest */;
			productType = "com.apple.product-type.bundle.ui-testing";
		};
/* End PBXNativeTarget section */

/* Begin PBXProject section */
		04C71D7F1ED31BB900E04BE8 /* Project object */ = {
			isa = PBXProject;
			attributes = {
				LastUpgradeCheck = 0820;
				ORGANIZATIONNAME = kdong;
				TargetAttributes = {
					04C71D861ED31BB900E04BE8 = {
						CreatedOnToolsVersion = 8.2.1;
						DevelopmentTeam = 2TMR7TYGS8;
						ProvisioningStyle = Automatic;
					};
					04C71D9F1ED31BB900E04BE8 = {
						CreatedOnToolsVersion = 8.2.1;
						ProvisioningStyle = Automatic;
						TestTargetID = 04C71D861ED31BB900E04BE8;
					};
					04C71DAA1ED31BB900E04BE8 = {
						CreatedOnToolsVersion = 8.2.1;
						ProvisioningStyle = Automatic;
						TestTargetID = 04C71D861ED31BB900E04BE8;
					};
				};
			};
			buildConfigurationList = 04C71D821ED31BB900E04BE8 /* Build configuration list for PBXProject "ZBDBManagerDemo" */;
			compatibilityVersion = "Xcode 3.2";
			developmentRegion = English;
			hasScannedForEncodings = 0;
			knownRegions = (
				en,
				Base,
			);
			mainGroup = 04C71D7E1ED31BB900E04BE8;
			productRefGroup = 04C71D881ED31BB900E04BE8 /* Products */;
			projectDirPath = "";
			projectRoot = "";
			targets = (
				04C71D861ED31BB900E04BE8 /* ZBDBManagerDemo */,
				04C71D9F1ED31BB900E04BE8 /* ZBDBManagerDemoTests */,
				04C71DAA1ED31BB900E04BE8 /* ZBDBManagerDemoUITests */,
			);
		};
/* End PBXProject section */

/* Begin PBXResourcesBuildPhase section */
		04C71D851ED31BB900E04BE8 /* Resources */ = {
			isa = PBXResourcesBuildPhase;
			buildActionMask = 2147483647;
			files = (
				04C71D9A1ED31BB900E04BE8 /* LaunchScreen.storyboard in Resources */,
				04C71D971ED31BB900E04BE8 /* Assets.xcassets in Resources */,
				04C71D951ED31BB900E04BE8 /* Main.storyboard in Resources */,
			);
			runOnlyForDeploymentPostprocessing = 0;
		};
		04C71D9E1ED31BB900E04BE8 /* Resources */ = {
			isa = PBXResourcesBuildPhase;
			buildActionMask = 2147483647;
			files = (
			);
			runOnlyForDeploymentPostprocessing = 0;
		};
		04C71DA91ED31BB900E04BE8 /* Resources */ = {
			isa = PBXResourcesBuildPhase;
			buildActionMask = 2147483647;
			files = (
			);
			runOnlyForDeploymentPostprocessing = 0;
		};
/* End PBXResourcesBuildPhase section */

/* Begin PBXShellScriptBuildPhase section */
		0C92312F712E08F004FC10D9 /* [CP] Check Pods Manifest.lock */ = {
			isa = PBXShellScriptBuildPhase;
			buildActionMask = 2147483647;
			files = (
			);
			inputPaths = (
			);
			name = "[CP] Check Pods Manifest.lock";
			outputPaths = (
			);
			runOnlyForDeploymentPostprocessing = 0;
			shellPath = /bin/sh;
			shellScript = "diff \"${PODS_PODFILE_DIR_PATH}/Podfile.lock\" \"${PODS_ROOT}/Manifest.lock\" > /dev/null\nif [ $? != 0 ] ; then\n    # print error to STDERR\n    echo \"error: The sandbox is not in sync with the Podfile.lock. Run 'pod install' or update your CocoaPods installation.\" >&2\n    exit 1\nfi\n";
			showEnvVarsInLog = 0;
		};
		12EA9F3C17D6E22F2D94FF11 /* [CP] Embed Pods Frameworks */ = {
			isa = PBXShellScriptBuildPhase;
			buildActionMask = 2147483647;
			files = (
			);
			inputPaths = (
			);
			name = "[CP] Embed Pods Frameworks";
			outputPaths = (
			);
			runOnlyForDeploymentPostprocessing = 0;
			shellPath = /bin/sh;
			shellScript = "\"${SRCROOT}/Pods/Target Support Files/Pods-ZBDBManagerDemoTests/Pods-ZBDBManagerDemoTests-frameworks.sh\"\n";
			showEnvVarsInLog = 0;
		};
		1F93A75663BF7BD4C6CFBA92 /* [CP] Check Pods Manifest.lock */ = {
			isa = PBXShellScriptBuildPhase;
			buildActionMask = 2147483647;
			files = (
			);
			inputPaths = (
			);
			name = "[CP] Check Pods Manifest.lock";
			outputPaths = (
			);
			runOnlyForDeploymentPostprocessing = 0;
			shellPath = /bin/sh;
			shellScript = "diff \"${PODS_PODFILE_DIR_PATH}/Podfile.lock\" \"${PODS_ROOT}/Manifest.lock\" > /dev/null\nif [ $? != 0 ] ; then\n    # print error to STDERR\n    echo \"error: The sandbox is not in sync with the Podfile.lock. Run 'pod install' or update your CocoaPods installation.\" >&2\n    exit 1\nfi\n";
			showEnvVarsInLog = 0;
		};
		81DAA4206074BB2C9B48DBC4 /* [CP] Copy Pods Resources */ = {
			isa = PBXShellScriptBuildPhase;
			buildActionMask = 2147483647;
			files = (
			);
			inputPaths = (
			);
			name = "[CP] Copy Pods Resources";
			outputPaths = (
			);
			runOnlyForDeploymentPostprocessing = 0;
			shellPath = /bin/sh;
			shellScript = "\"${SRCROOT}/Pods/Target Support Files/Pods-ZBDBManagerDemoTests/Pods-ZBDBManagerDemoTests-resources.sh\"\n";
			showEnvVarsInLog = 0;
		};
		C67CB1E2262944560AE41C65 /* [CP] Copy Pods Resources */ = {
			isa = PBXShellScriptBuildPhase;
			buildActionMask = 2147483647;
			files = (
			);
			inputPaths = (
			);
			name = "[CP] Copy Pods Resources";
			outputPaths = (
			);
			runOnlyForDeploymentPostprocessing = 0;
			shellPath = /bin/sh;
			shellScript = "\"${SRCROOT}/Pods/Target Support Files/Pods-ZBDBManagerDemo/Pods-ZBDBManagerDemo-resources.sh\"\n";
			showEnvVarsInLog = 0;
		};
		EFE72CE13C966F8FAF6C23A0 /* [CP] Embed Pods Frameworks */ = {
			isa = PBXShellScriptBuildPhase;
			buildActionMask = 2147483647;
			files = (
			);
			inputPaths = (
			);
			name = "[CP] Embed Pods Frameworks";
			outputPaths = (
			);
			runOnlyForDeploymentPostprocessing = 0;
			shellPath = /bin/sh;
			shellScript = "\"${SRCROOT}/Pods/Target Support Files/Pods-ZBDBManagerDemo/Pods-ZBDBManagerDemo-frameworks.sh\"\n";
			showEnvVarsInLog = 0;
		};
/* End PBXShellScriptBuildPhase section */

/* Begin PBXSourcesBuildPhase section */
		04C71D831ED31BB900E04BE8 /* Sources */ = {
			isa = PBXSourcesBuildPhase;
			buildActionMask = 2147483647;
			files = (
				04C71DD51ED31BFA00E04BE8 /* ZBCommonDataBaseQueue.m in Sources */,
				04C71D8F1ED31BB900E04BE8 /* AppDelegate.m in Sources */,
				04C71DD11ED31BFA00E04BE8 /* NSObject+ZB_DBManager.m in Sources */,
				04C71DD21ED31BFA00E04BE8 /* NSObject+ZB_Properties.m in Sources */,
				04C71DBF1ED31BD200E04BE8 /* CeShi.m in Sources */,
				04C71DD41ED31BFA00E04BE8 /* VersionDBManager.m in Sources */,
				04C71DD61ED31BFA00E04BE8 /* ZBDBbindingClass.m in Sources */,
				04C71DC21ED31BEA00E04BE8 /* ViewController.m in Sources */,
				04C71D8C1ED31BB900E04BE8 /* main.m in Sources */,
				04C71DD31ED31BFA00E04BE8 /* Version.m in Sources */,
			);
			runOnlyForDeploymentPostprocessing = 0;
		};
		04C71D9C1ED31BB900E04BE8 /* Sources */ = {
			isa = PBXSourcesBuildPhase;
			buildActionMask = 2147483647;
			files = (
				04C71DA51ED31BB900E04BE8 /* ZBDBManagerDemoTests.m in Sources */,
			);
			runOnlyForDeploymentPostprocessing = 0;
		};
		04C71DA71ED31BB900E04BE8 /* Sources */ = {
			isa = PBXSourcesBuildPhase;
			buildActionMask = 2147483647;
			files = (
				04C71DB01ED31BB900E04BE8 /* ZBDBManagerDemoUITests.m in Sources */,
			);
			runOnlyForDeploymentPostprocessing = 0;
		};
/* End PBXSourcesBuildPhase section */

/* Begin PBXTargetDependency section */
		04C71DA21ED31BB900E04BE8 /* PBXTargetDependency */ = {
			isa = PBXTargetDependency;
			target = 04C71D861ED31BB900E04BE8 /* ZBDBManagerDemo */;
			targetProxy = 04C71DA11ED31BB900E04BE8 /* PBXContainerItemProxy */;
		};
		04C71DAD1ED31BB900E04BE8 /* PBXTargetDependency */ = {
			isa = PBXTargetDependency;
			target = 04C71D861ED31BB900E04BE8 /* ZBDBManagerDemo */;
			targetProxy = 04C71DAC1ED31BB900E04BE8 /* PBXContainerItemProxy */;
		};
/* End PBXTargetDependency section */

/* Begin PBXVariantGroup section */
		04C71D931ED31BB900E04BE8 /* Main.storyboard */ = {
			isa = PBXVariantGroup;
			children = (
				04C71D941ED31BB900E04BE8 /* Base */,
			);
			name = Main.storyboard;
			sourceTree = "<group>";
		};
		04C71D981ED31BB900E04BE8 /* LaunchScreen.storyboard */ = {
			isa = PBXVariantGroup;
			children = (
				04C71D991ED31BB900E04BE8 /* Base */,
			);
			name = LaunchScreen.storyboard;
			sourceTree = "<group>";
		};
/* End PBXVariantGroup section */

/* Begin XCBuildConfiguration section */
		04C71DB21ED31BB900E04BE8 /* Debug */ = {
			isa = XCBuildConfiguration;
			buildSettings = {
				ALWAYS_SEARCH_USER_PATHS = NO;
				CLANG_ANALYZER_NONNULL = YES;
				CLANG_CXX_LANGUAGE_STANDARD = "gnu++0x";
				CLANG_CXX_LIBRARY = "libc++";
				CLANG_ENABLE_MODULES = YES;
				CLANG_ENABLE_OBJC_ARC = YES;
				CLANG_WARN_BOOL_CONVERSION = YES;
				CLANG_WARN_CONSTANT_CONVERSION = YES;
				CLANG_WARN_DIRECT_OBJC_ISA_USAGE = YES_ERROR;
				CLANG_WARN_DOCUMENTATION_COMMENTS = YES;
				CLANG_WARN_EMPTY_BODY = YES;
				CLANG_WARN_ENUM_CONVERSION = YES;
				CLANG_WARN_INFINITE_RECURSION = YES;
				CLANG_WARN_INT_CONVERSION = YES;
				CLANG_WARN_OBJC_ROOT_CLASS = YES_ERROR;
				CLANG_WARN_SUSPICIOUS_MOVE = YES;
				CLANG_WARN_UNREACHABLE_CODE = YES;
				CLANG_WARN__DUPLICATE_METHOD_MATCH = YES;
				"CODE_SIGN_IDENTITY[sdk=iphoneos*]" = "iPhone Developer";
				COPY_PHASE_STRIP = NO;
				DEBUG_INFORMATION_FORMAT = dwarf;
				ENABLE_STRICT_OBJC_MSGSEND = YES;
				ENABLE_TESTABILITY = YES;
				GCC_C_LANGUAGE_STANDARD = gnu99;
				GCC_DYNAMIC_NO_PIC = NO;
				GCC_NO_COMMON_BLOCKS = YES;
				GCC_OPTIMIZATION_LEVEL = 0;
				GCC_PREPROCESSOR_DEFINITIONS = (
					"DEBUG=1",
					"$(inherited)",
				);
				GCC_WARN_64_TO_32_BIT_CONVERSION = YES;
				GCC_WARN_ABOUT_RETURN_TYPE = YES_ERROR;
				GCC_WARN_UNDECLARED_SELECTOR = YES;
				GCC_WARN_UNINITIALIZED_AUTOS = YES_AGGRESSIVE;
				GCC_WARN_UNUSED_FUNCTION = YES;
				GCC_WARN_UNUSED_VARIABLE = YES;
				IPHONEOS_DEPLOYMENT_TARGET = 10.2;
				MTL_ENABLE_DEBUG_INFO = YES;
				ONLY_ACTIVE_ARCH = YES;
				SDKROOT = iphoneos;
			};
			name = Debug;
		};
		04C71DB31ED31BB900E04BE8 /* Release */ = {
			isa = XCBuildConfiguration;
			buildSettings = {
				ALWAYS_SEARCH_USER_PATHS = NO;
				CLANG_ANALYZER_NONNULL = YES;
				CLANG_CXX_LANGUAGE_STANDARD = "gnu++0x";
				CLANG_CXX_LIBRARY = "libc++";
				CLANG_ENABLE_MODULES = YES;
				CLANG_ENABLE_OBJC_ARC = YES;
				CLANG_WARN_BOOL_CONVERSION = YES;
				CLANG_WARN_CONSTANT_CONVERSION = YES;
				CLANG_WARN_DIRECT_OBJC_ISA_USAGE = YES_ERROR;
				CLANG_WARN_DOCUMENTATION_COMMENTS = YES;
				CLANG_WARN_EMPTY_BODY = YES;
				CLANG_WARN_ENUM_CONVERSION = YES;
				CLANG_WARN_INFINITE_RECURSION = YES;
				CLANG_WARN_INT_CONVERSION = YES;
				CLANG_WARN_OBJC_ROOT_CLASS = YES_ERROR;
				CLANG_WARN_SUSPICIOUS_MOVE = YES;
				CLANG_WARN_UNREACHABLE_CODE = YES;
				CLANG_WARN__DUPLICATE_METHOD_MATCH = YES;
				"CODE_SIGN_IDENTITY[sdk=iphoneos*]" = "iPhone Developer";
				COPY_PHASE_STRIP = NO;
				DEBUG_INFORMATION_FORMAT = "dwarf-with-dsym";
				ENABLE_NS_ASSERTIONS = NO;
				ENABLE_STRICT_OBJC_MSGSEND = YES;
				GCC_C_LANGUAGE_STANDARD = gnu99;
				GCC_NO_COMMON_BLOCKS = YES;
				GCC_WARN_64_TO_32_BIT_CONVERSION = YES;
				GCC_WARN_ABOUT_RETURN_TYPE = YES_ERROR;
				GCC_WARN_UNDECLARED_SELECTOR = YES;
				GCC_WARN_UNINITIALIZED_AUTOS = YES_AGGRESSIVE;
				GCC_WARN_UNUSED_FUNCTION = YES;
				GCC_WARN_UNUSED_VARIABLE = YES;
				IPHONEOS_DEPLOYMENT_TARGET = 10.2;
				MTL_ENABLE_DEBUG_INFO = NO;
				SDKROOT = iphoneos;
				VALIDATE_PRODUCT = YES;
			};
			name = Release;
		};
		04C71DB51ED31BB900E04BE8 /* Debug */ = {
			isa = XCBuildConfiguration;
			baseConfigurationReference = 95D93379A63D36A1A7E6855E /* Pods-ZBDBManagerDemo.debug.xcconfig */;
			buildSettings = {
				ASSETCATALOG_COMPILER_APPICON_NAME = AppIcon;
				DEVELOPMENT_TEAM = 2TMR7TYGS8;
				INFOPLIST_FILE = ZBDBManagerDemo/Info.plist;
				LD_RUNPATH_SEARCH_PATHS = "$(inherited) @executable_path/Frameworks";
				PRODUCT_BUNDLE_IDENTIFIER = kdong.ZBDBManagerDemo;
				PRODUCT_NAME = "$(TARGET_NAME)";
			};
			name = Debug;
		};
		04C71DB61ED31BB900E04BE8 /* Release */ = {
			isa = XCBuildConfiguration;
			baseConfigurationReference = 87340446E83C461C5CE2043F /* Pods-ZBDBManagerDemo.release.xcconfig */;
			buildSettings = {
				ASSETCATALOG_COMPILER_APPICON_NAME = AppIcon;
				DEVELOPMENT_TEAM = 2TMR7TYGS8;
				INFOPLIST_FILE = ZBDBManagerDemo/Info.plist;
				LD_RUNPATH_SEARCH_PATHS = "$(inherited) @executable_path/Frameworks";
				PRODUCT_BUNDLE_IDENTIFIER = kdong.ZBDBManagerDemo;
				PRODUCT_NAME = "$(TARGET_NAME)";
			};
			name = Release;
		};
		04C71DB81ED31BB900E04BE8 /* Debug */ = {
			isa = XCBuildConfiguration;
			baseConfigurationReference = F51392951CB3C1325683E8C9 /* Pods-ZBDBManagerDemoTests.debug.xcconfig */;
			buildSettings = {
				BUNDLE_LOADER = "$(TEST_HOST)";
				INFOPLIST_FILE = ZBDBManagerDemoTests/Info.plist;
				LD_RUNPATH_SEARCH_PATHS = "$(inherited) @executable_path/Frameworks @loader_path/Frameworks";
				PRODUCT_BUNDLE_IDENTIFIER = kdong.ZBDBManagerDemoTests;
				PRODUCT_NAME = "$(TARGET_NAME)";
				TEST_HOST = "$(BUILT_PRODUCTS_DIR)/ZBDBManagerDemo.app/ZBDBManagerDemo";
			};
			name = Debug;
		};
		04C71DB91ED31BB900E04BE8 /* Release */ = {
			isa = XCBuildConfiguration;
			baseConfigurationReference = 02EE5521B09FED33C672E249 /* Pods-ZBDBManagerDemoTests.release.xcconfig */;
			buildSettings = {
				BUNDLE_LOADER = "$(TEST_HOST)";
				INFOPLIST_FILE = ZBDBManagerDemoTests/Info.plist;
				LD_RUNPATH_SEARCH_PATHS = "$(inherited) @executable_path/Frameworks @loader_path/Frameworks";
				PRODUCT_BUNDLE_IDENTIFIER = kdong.ZBDBManagerDemoTests;
				PRODUCT_NAME = "$(TARGET_NAME)";
				TEST_HOST = "$(BUILT_PRODUCTS_DIR)/ZBDBManagerDemo.app/ZBDBManagerDemo";
			};
			name = Release;
		};
		04C71DBB1ED31BB900E04BE8 /* Debug */ = {
			isa = XCBuildConfiguration;
			buildSettings = {
				INFOPLIST_FILE = ZBDBManagerDemoUITests/Info.plist;
				LD_RUNPATH_SEARCH_PATHS = "$(inherited) @executable_path/Frameworks @loader_path/Frameworks";
				PRODUCT_BUNDLE_IDENTIFIER = kdong.ZBDBManagerDemoUITests;
				PRODUCT_NAME = "$(TARGET_NAME)";
				TEST_TARGET_NAME = ZBDBManagerDemo;
			};
			name = Debug;
		};
		04C71DBC1ED31BB900E04BE8 /* Release */ = {
			isa = XCBuildConfiguration;
			buildSettings = {
				INFOPLIST_FILE = ZBDBManagerDemoUITests/Info.plist;
				LD_RUNPATH_SEARCH_PATHS = "$(inherited) @executable_path/Frameworks @loader_path/Frameworks";
				PRODUCT_BUNDLE_IDENTIFIER = kdong.ZBDBManagerDemoUITests;
				PRODUCT_NAME = "$(TARGET_NAME)";
				TEST_TARGET_NAME = ZBDBManagerDemo;
			};
			name = Release;
		};
/* End XCBuildConfiguration section */

/* Begin XCConfigurationList section */
		04C71D821ED31BB900E04BE8 /* Build configuration list for PBXProject "ZBDBManagerDemo" */ = {
			isa = XCConfigurationList;
			buildConfigurations = (
				04C71DB21ED31BB900E04BE8 /* Debug */,
				04C71DB31ED31BB900E04BE8 /* Release */,
			);
			defaultConfigurationIsVisible = 0;
			defaultConfigurationName = Release;
		};
		04C71DB41ED31BB900E04BE8 /* Build configuration list for PBXNativeTarget "ZBDBManagerDemo" */ = {
			isa = XCConfigurationList;
			buildConfigurations = (
				04C71DB51ED31BB900E04BE8 /* Debug */,
				04C71DB61ED31BB900E04BE8 /* Release */,
			);
			defaultConfigurationIsVisible = 0;
		};
		04C71DB71ED31BB900E04BE8 /* Build configuration list for PBXNativeTarget "ZBDBManagerDemoTests" */ = {
			isa = XCConfigurationList;
			buildConfigurations = (
				04C71DB81ED31BB900E04BE8 /* Debug */,
				04C71DB91ED31BB900E04BE8 /* Release */,
			);
			defaultConfigurationIsVisible = 0;
		};
		04C71DBA1ED31BB900E04BE8 /* Build configuration list for PBXNativeTarget "ZBDBManagerDemoUITests" */ = {
			isa = XCConfigurationList;
			buildConfigurations = (
				04C71DBB1ED31BB900E04BE8 /* Debug */,
				04C71DBC1ED31BB900E04BE8 /* Release */,
			);
			defaultConfigurationIsVisible = 0;
		};
/* End XCConfigurationList section */
	};
	rootObject = 04C71D7F1ED31BB900E04BE8 /* Project object */;
}
